
Microsoft Visual Studio Solution File, Format Version 12.00
# Visual Studio 15
VisualStudioVersion = 15.0.26124.0
MinimumVisualStudioVersion = 15.0.26124.0
Project("{FAE04EC0-301F-11D3-BF4B-00C04F79EFBC}") = "CSharpExt", "CSharpExt\CSharpExt.csproj", "{3D4DD9BA-6328-4A8D-8BEA-69C800530A74}"
EndProject
Project("{FAE04EC0-301F-11D3-BF4B-00C04F79EFBC}") = "CSharpExtTestApp", "CSharpExtTestApp\CSharpExtTestApp.csproj", "{67F8DFA3-48BE-4093-A4F5-3F762FDBDF0D}"
EndProject
Global
	GlobalSection(SolutionConfigurationPlatforms) = preSolution
		Debug|Any CPU = Debug|Any CPU
		Debug|x64 = Debug|x64
		Debug|x86 = Debug|x86
		Release|Any CPU = Release|Any CPU
		Release|x64 = Release|x64
		Release|x86 = Release|x86
	EndGlobalSection
	GlobalSection(SolutionProperties) = preSolution
		HideSolutionNode = FALSE
	EndGlobalSection
	GlobalSection(ProjectConfigurationPlatforms) = postSolution
		{3D4DD9BA-6328-4A8D-8BEA-69C800530A74}.Debug|Any CPU.ActiveCfg = Debug|Any CPU
		{3D4DD9BA-6328-4A8D-8BEA-69C800530A74}.Debug|Any CPU.Build.0 = Debug|Any CPU
		{3D4DD9BA-6328-4A8D-8BEA-69C800530A74}.Debug|x64.ActiveCfg = Debug|x64
		{3D4DD9BA-6328-4A8D-8BEA-69C800530A74}.Debug|x64.Build.0 = Debug|x64
		{3D4DD9BA-6328-4A8D-8BEA-69C800530A74}.Debug|x86.ActiveCfg = Debug|x86
		{3D4DD9BA-6328-4A8D-8BEA-69C800530A74}.Debug|x86.Build.0 = Debug|x86
		{3D4DD9BA-6328-4A8D-8BEA-69C800530A74}.Release|Any CPU.ActiveCfg = Release|Any CPU
		{3D4DD9BA-6328-4A8D-8BEA-69C800530A74}.Release|Any CPU.Build.0 = Release|Any CPU
		{3D4DD9BA-6328-4A8D-8BEA-69C800530A74}.Release|x64.ActiveCfg = Release|x64
		{3D4DD9BA-6328-4A8D-8BEA-69C800530A74}.Release|x64.Build.0 = Release|x64
		{3D4DD9BA-6328-4A8D-8BEA-69C800530A74}.Release|x86.ActiveCfg = Release|x86
		{3D4DD9BA-6328-4A8D-8BEA-69C800530A74}.Release|x86.Build.0 = Release|x86
		{67F8DFA3-48BE-4093-A4F5-3F762FDBDF0D}.Debug|Any CPU.ActiveCfg = Debug|Any CPU
		{67F8DFA3-48BE-4093-A4F5-3F762FDBDF0D}.Debug|Any CPU.Build.0 = Debug|Any CPU
		{67F8DFA3-48BE-4093-A4F5-3F762FDBDF0D}.Debug|x64.ActiveCfg = Debug|x64
		{67F8DFA3-48BE-4093-A4F5-3F762FDBDF0D}.Debug|x64.Build.0 = Debug|x64
		{67F8DFA3-48BE-4093-A4F5-3F762FDBDF0D}.Debug|x86.ActiveCfg = Debug|x86
		{67F8DFA3-48BE-4093-A4F5-3F762FDBDF0D}.Debug|x86.Build.0 = Debug|x86
		{67F8DFA3-48BE-4093-A4F5-3F762FDBDF0D}.Release|Any CPU.ActiveCfg = Release|Any CPU
		{67F8DFA3-48BE-4093-A4F5-3F762FDBDF0D}.Release|Any CPU.Build.0 = Release|Any CPU
		{67F8DFA3-48BE-4093-A4F5-3F762FDBDF0D}.Release|x64.ActiveCfg = Release|x64
		{67F8DFA3-48BE-4093-A4F5-3F762FDBDF0D}.Release|x64.Build.0 = Release|x64
		{67F8DFA3-48BE-4093-A4F5-3F762FDBDF0D}.Release|x86.ActiveCfg = Release|x86
		{67F8DFA3-48BE-4093-A4F5-3F762FDBDF0D}.Release|x86.Build.0 = Release|x86
	EndGlobalSection
EndGlobal
